
Microsoft Visual Studio Solution File, Format Version 12.00
# Visual Studio Version 16
VisualStudioVersion = 16.0.30204.135
MinimumVisualStudioVersion = 10.0.40219.1
Project("{FAE04EC0-301F-11D3-BF4B-00C04F79EFBC}") = "RicardoWEB01", "RicardoWEB01\RicardoWEB01.csproj", "{50A3AA3D-C823-4B72-8A13-40DFCFE85213}"
EndProject
Project("{FAE04EC0-301F-11D3-BF4B-00C04F79EFBC}") = "WebApplication1", "WebApplication1\WebApplication1.csproj", "{7890D71A-D103-4E56-A430-B2DB3391FD8E}"
EndProject
Project("{FAE04EC0-301F-11D3-BF4B-00C04F79EFBC}") = "WebApplication_NET_5", "WebApplication_NET_5\WebApplication_NET_5.csproj", "{50E36674-07AE-44A5-82ED-71799BB6CDBD}"
EndProject
Project("{FAE04EC0-301F-11D3-BF4B-00C04F79EFBC}") = "Web_MVC_NET_5", "Web_MVC_NET_5\Web_MVC_NET_5.csproj", "{865657CC-27B8-422E-AA44-DF12ACE1A99F}"
EndProject
Global
	GlobalSection(SolutionConfigurationPlatforms) = preSolution
		Debug|Any CPU = Debug|Any CPU
		Release|Any CPU = Release|Any CPU
	EndGlobalSection
	GlobalSection(ProjectConfigurationPlatforms) = postSolution
		{50A3AA3D-C823-4B72-8A13-40DFCFE85213}.Debug|Any CPU.ActiveCfg = Debug|Any CPU
		{50A3AA3D-C823-4B72-8A13-40DFCFE85213}.Debug|Any CPU.Build.0 = Debug|Any CPU
		{50A3AA3D-C823-4B72-8A13-40DFCFE85213}.Release|Any CPU.ActiveCfg = Release|Any CPU
		{50A3AA3D-C823-4B72-8A13-40DFCFE85213}.Release|Any CPU.Build.0 = Release|Any CPU
		{7890D71A-D103-4E56-A430-B2DB3391FD8E}.Debug|Any CPU.ActiveCfg = Debug|Any CPU
		{7890D71A-D103-4E56-A430-B2DB3391FD8E}.Debug|Any CPU.Build.0 = Debug|Any CPU
		{7890D71A-D103-4E56-A430-B2DB3391FD8E}.Release|Any CPU.ActiveCfg = Release|Any CPU
		{7890D71A-D103-4E56-A430-B2DB3391FD8E}.Release|Any CPU.Build.0 = Release|Any CPU
		{50E36674-07AE-44A5-82ED-71799BB6CDBD}.Debug|Any CPU.ActiveCfg = Debug|Any CPU
		{50E36674-07AE-44A5-82ED-71799BB6CDBD}.Debug|Any CPU.Build.0 = Debug|Any CPU
		{50E36674-07AE-44A5-82ED-71799BB6CDBD}.Release|Any CPU.ActiveCfg = Release|Any CPU
		{50E36674-07AE-44A5-82ED-71799BB6CDBD}.Release|Any CPU.Build.0 = Release|Any CPU
		{865657CC-27B8-422E-AA44-DF12ACE1A99F}.Debug|Any CPU.ActiveCfg = Debug|Any CPU
		{865657CC-27B8-422E-AA44-DF12ACE1A99F}.Debug|Any CPU.Build.0 = Debug|Any CPU
		{865657CC-27B8-422E-AA44-DF12ACE1A99F}.Release|Any CPU.ActiveCfg = Release|Any CPU
		{865657CC-27B8-422E-AA44-DF12ACE1A99F}.Release|Any CPU.Build.0 = Release|Any CPU
	EndGlobalSection
	GlobalSection(SolutionProperties) = preSolution
		HideSolutionNode = FALSE
	EndGlobalSection
	GlobalSection(ExtensibilityGlobals) = postSolution
		SolutionGuid = {0ED53D17-E4B2-4077-90F8-679E7F1082FD}
	EndGlobalSection
EndGlobal
